// !$*UTF8*$!
{
	archiveVersion = 1;
	classes = {
	};
	objectVersion = 51;
	objects = {

/* Begin PBXBuildFile section */
		9D6FBA09FB05D1638645B80D /* Pods_wordsMemo.framework in Frameworks */ = {isa = PBXBuildFile; fileRef = 04AC0E34A00E0B5E8E232D49 /* Pods_wordsMemo.framework */; };
		D8049FE5271206D800A6FEFD /* LoginViewController.swift in Sources */ = {isa = PBXBuildFile; fileRef = D8049FE4271206D800A6FEFD /* LoginViewController.swift */; };
		D8049FF22712C18500A6FEFD /* Login.storyboard in Resources */ = {isa = PBXBuildFile; fileRef = D8049FF12712C18500A6FEFD /* Login.storyboard */; };
		D810154A26C8130F00B56DA7 /* TabbarController.swift in Sources */ = {isa = PBXBuildFile; fileRef = D810154926C8130F00B56DA7 /* TabbarController.swift */; };
		D822B1CA271EFBDA00A3CE98 /* NavigationOrientation.swift in Sources */ = {isa = PBXBuildFile; fileRef = D822B1C9271EFBDA00A3CE98 /* NavigationOrientation.swift */; };
		D8282791272D2E24004036BD /* Textfield.swift in Sources */ = {isa = PBXBuildFile; fileRef = D8282790272D2E23004036BD /* Textfield.swift */; };
		D84534E227197BD3004E371A /* NewsCollectionViewCell.swift in Sources */ = {isa = PBXBuildFile; fileRef = D84534E027197BD3004E371A /* NewsCollectionViewCell.swift */; };
		D84534E327197BD3004E371A /* NewsCollectionViewCell.xib in Resources */ = {isa = PBXBuildFile; fileRef = D84534E127197BD3004E371A /* NewsCollectionViewCell.xib */; };
		D84534E727198381004E371A /* NewsViewController.swift in Sources */ = {isa = PBXBuildFile; fileRef = D84534E627198381004E371A /* NewsViewController.swift */; };
		D84534EB271AA533004E371A /* ApiManager.swift in Sources */ = {isa = PBXBuildFile; fileRef = D84534EA271AA533004E371A /* ApiManager.swift */; };
		D84534EE271AAB99004E371A /* NewsModel.swift in Sources */ = {isa = PBXBuildFile; fileRef = D84534ED271AAB99004E371A /* NewsModel.swift */; };
		D8A8D6C426A1D4B40005457E /* AppDelegate.swift in Sources */ = {isa = PBXBuildFile; fileRef = D8A8D6C326A1D4B40005457E /* AppDelegate.swift */; };
		D8A8D6C626A1D4B40005457E /* SceneDelegate.swift in Sources */ = {isa = PBXBuildFile; fileRef = D8A8D6C526A1D4B40005457E /* SceneDelegate.swift */; };
		D8A8D6C826A1D4B40005457E /* NewViewController.swift in Sources */ = {isa = PBXBuildFile; fileRef = D8A8D6C726A1D4B40005457E /* NewViewController.swift */; };
		D8A8D6CB26A1D4B40005457E /* Main.storyboard in Resources */ = {isa = PBXBuildFile; fileRef = D8A8D6C926A1D4B40005457E /* Main.storyboard */; };
		D8A8D6CE26A1D4B40005457E /* wordsMemo.xcdatamodeld in Sources */ = {isa = PBXBuildFile; fileRef = D8A8D6CC26A1D4B40005457E /* wordsMemo.xcdatamodeld */; };
		D8A8D6D026A1D4BE0005457E /* Assets.xcassets in Resources */ = {isa = PBXBuildFile; fileRef = D8A8D6CF26A1D4BE0005457E /* Assets.xcassets */; };
		D8A8D6D326A1D4BE0005457E /* LaunchScreen.storyboard in Resources */ = {isa = PBXBuildFile; fileRef = D8A8D6D126A1D4BE0005457E /* LaunchScreen.storyboard */; };
		D8A8D6DD26A1DB790005457E /* FavViewController.swift in Sources */ = {isa = PBXBuildFile; fileRef = D8A8D6DC26A1DB790005457E /* FavViewController.swift */; };
		D8A8D6E026A1DB920005457E /* StatisticsViewController.swift in Sources */ = {isa = PBXBuildFile; fileRef = D8A8D6DF26A1DB920005457E /* StatisticsViewController.swift */; };
		D8A8D6E826A4115F0005457E /* WordTableViewCell.swift in Sources */ = {isa = PBXBuildFile; fileRef = D8A8D6E726A4115F0005457E /* WordTableViewCell.swift */; };
		D8ADB1082726748600A703F2 /* Mypage.storyboard in Resources */ = {isa = PBXBuildFile; fileRef = D8ADB1072726748600A703F2 /* Mypage.storyboard */; };
		D8B35118271B4B430045DAA7 /* NewsData.swift in Sources */ = {isa = PBXBuildFile; fileRef = D8B35117271B4B430045DAA7 /* NewsData.swift */; };
		D8C9C25B270EE849001344A5 /* GoogleService-Info.plist in Resources */ = {isa = PBXBuildFile; fileRef = D8C9C25A270EE849001344A5 /* GoogleService-Info.plist */; };
		D8C9C2A3270F3CE4001344A5 /* SignupViewController.swift in Sources */ = {isa = PBXBuildFile; fileRef = D8C9C2A2270F3CE4001344A5 /* SignupViewController.swift */; };
		D8C9C2C027106159001344A5 /* Signup.storyboard in Resources */ = {isa = PBXBuildFile; fileRef = D8C9C2BF27106159001344A5 /* Signup.storyboard */; };
		D8F98BFE26A5918E00907544 /* RegisterViewController.swift in Sources */ = {isa = PBXBuildFile; fileRef = D8F98BFD26A5918E00907544 /* RegisterViewController.swift */; };
		D8FDE15427155C0600A73A4E /* UserModel.swift in Sources */ = {isa = PBXBuildFile; fileRef = D8FDE15327155C0600A73A4E /* UserModel.swift */; };
		D8FDE1592715797300A73A4E /* MypageViewController.swift in Sources */ = {isa = PBXBuildFile; fileRef = D8FDE1582715797300A73A4E /* MypageViewController.swift */; };
/* End PBXBuildFile section */

/* Begin PBXFileReference section */
		04AC0E34A00E0B5E8E232D49 /* Pods_wordsMemo.framework */ = {isa = PBXFileReference; explicitFileType = wrapper.framework; includeInIndex = 0; path = Pods_wordsMemo.framework; sourceTree = BUILT_PRODUCTS_DIR; };
		BA9FE6F81DE36C5F86A623AD /* Pods-wordsMemo.debug.xcconfig */ = {isa = PBXFileReference; includeInIndex = 1; lastKnownFileType = text.xcconfig; name = "Pods-wordsMemo.debug.xcconfig"; path = "Target Support Files/Pods-wordsMemo/Pods-wordsMemo.debug.xcconfig"; sourceTree = "<group>"; };
		D8049FE4271206D800A6FEFD /* LoginViewController.swift */ = {isa = PBXFileReference; lastKnownFileType = sourcecode.swift; path = LoginViewController.swift; sourceTree = "<group>"; };
		D8049FF12712C18500A6FEFD /* Login.storyboard */ = {isa = PBXFileReference; lastKnownFileType = file.storyboard; path = Login.storyboard; sourceTree = "<group>"; };
		D810154926C8130F00B56DA7 /* TabbarController.swift */ = {isa = PBXFileReference; lastKnownFileType = sourcecode.swift; path = TabbarController.swift; sourceTree = "<group>"; };
		D822B1C9271EFBDA00A3CE98 /* NavigationOrientation.swift */ = {isa = PBXFileReference; lastKnownFileType = sourcecode.swift; path = NavigationOrientation.swift; sourceTree = "<group>"; };
		D8282790272D2E23004036BD /* Textfield.swift */ = {isa = PBXFileReference; lastKnownFileType = sourcecode.swift; path = Textfield.swift; sourceTree = "<group>"; };
		D84534E027197BD3004E371A /* NewsCollectionViewCell.swift */ = {isa = PBXFileReference; lastKnownFileType = sourcecode.swift; path = NewsCollectionViewCell.swift; sourceTree = "<group>"; };
		D84534E127197BD3004E371A /* NewsCollectionViewCell.xib */ = {isa = PBXFileReference; lastKnownFileType = file.xib; path = NewsCollectionViewCell.xib; sourceTree = "<group>"; };
		D84534E627198381004E371A /* NewsViewController.swift */ = {isa = PBXFileReference; lastKnownFileType = sourcecode.swift; path = NewsViewController.swift; sourceTree = "<group>"; };
		D84534EA271AA533004E371A /* ApiManager.swift */ = {isa = PBXFileReference; lastKnownFileType = sourcecode.swift; path = ApiManager.swift; sourceTree = "<group>"; };
		D84534ED271AAB99004E371A /* NewsModel.swift */ = {isa = PBXFileReference; lastKnownFileType = sourcecode.swift; path = NewsModel.swift; sourceTree = "<group>"; };
		D8A8D6C026A1D4B40005457E /* wordsMemo.app */ = {isa = PBXFileReference; explicitFileType = wrapper.application; includeInIndex = 0; path = wordsMemo.app; sourceTree = BUILT_PRODUCTS_DIR; };
		D8A8D6C326A1D4B40005457E /* AppDelegate.swift */ = {isa = PBXFileReference; lastKnownFileType = sourcecode.swift; path = AppDelegate.swift; sourceTree = "<group>"; };
		D8A8D6C526A1D4B40005457E /* SceneDelegate.swift */ = {isa = PBXFileReference; lastKnownFileType = sourcecode.swift; path = SceneDelegate.swift; sourceTree = "<group>"; };
		D8A8D6C726A1D4B40005457E /* NewViewController.swift */ = {isa = PBXFileReference; lastKnownFileType = sourcecode.swift; path = NewViewController.swift; sourceTree = "<group>"; };
		D8A8D6CA26A1D4B40005457E /* Base */ = {isa = PBXFileReference; lastKnownFileType = file.storyboard; name = Base; path = Base.lproj/Main.storyboard; sourceTree = "<group>"; };
		D8A8D6CD26A1D4B40005457E /* wordsMemo.xcdatamodel */ = {isa = PBXFileReference; lastKnownFileType = wrapper.xcdatamodel; path = wordsMemo.xcdatamodel; sourceTree = "<group>"; };
		D8A8D6CF26A1D4BE0005457E /* Assets.xcassets */ = {isa = PBXFileReference; lastKnownFileType = folder.assetcatalog; path = Assets.xcassets; sourceTree = "<group>"; };
		D8A8D6D226A1D4BE0005457E /* Base */ = {isa = PBXFileReference; lastKnownFileType = file.storyboard; name = Base; path = Base.lproj/LaunchScreen.storyboard; sourceTree = "<group>"; };
		D8A8D6D426A1D4BE0005457E /* Info.plist */ = {isa = PBXFileReference; lastKnownFileType = text.plist.xml; path = Info.plist; sourceTree = "<group>"; };
		D8A8D6DC26A1DB790005457E /* FavViewController.swift */ = {isa = PBXFileReference; lastKnownFileType = sourcecode.swift; path = FavViewController.swift; sourceTree = "<group>"; };
		D8A8D6DF26A1DB920005457E /* StatisticsViewController.swift */ = {isa = PBXFileReference; lastKnownFileType = sourcecode.swift; path = StatisticsViewController.swift; sourceTree = "<group>"; };
		D8A8D6E726A4115F0005457E /* WordTableViewCell.swift */ = {isa = PBXFileReference; lastKnownFileType = sourcecode.swift; path = WordTableViewCell.swift; sourceTree = "<group>"; };
		D8ADB1072726748600A703F2 /* Mypage.storyboard */ = {isa = PBXFileReference; lastKnownFileType = file.storyboard; path = Mypage.storyboard; sourceTree = "<group>"; };
		D8B35117271B4B430045DAA7 /* NewsData.swift */ = {isa = PBXFileReference; lastKnownFileType = sourcecode.swift; path = NewsData.swift; sourceTree = "<group>"; };
		D8C9C25A270EE849001344A5 /* GoogleService-Info.plist */ = {isa = PBXFileReference; fileEncoding = 4; lastKnownFileType = text.plist.xml; name = "GoogleService-Info.plist"; path = "../../../../Downloads/GoogleService-Info.plist"; sourceTree = "<group>"; };
		D8C9C2A2270F3CE4001344A5 /* SignupViewController.swift */ = {isa = PBXFileReference; lastKnownFileType = sourcecode.swift; path = SignupViewController.swift; sourceTree = "<group>"; };
		D8C9C2BF27106159001344A5 /* Signup.storyboard */ = {isa = PBXFileReference; lastKnownFileType = file.storyboard; path = Signup.storyboard; sourceTree = "<group>"; };
		D8F98BFD26A5918E00907544 /* RegisterViewController.swift */ = {isa = PBXFileReference; lastKnownFileType = sourcecode.swift; path = RegisterViewController.swift; sourceTree = "<group>"; };
		D8FDE15327155C0600A73A4E /* UserModel.swift */ = {isa = PBXFileReference; lastKnownFileType = sourcecode.swift; path = UserModel.swift; sourceTree = "<group>"; };
		D8FDE1582715797300A73A4E /* MypageViewController.swift */ = {isa = PBXFileReference; lastKnownFileType = sourcecode.swift; path = MypageViewController.swift; sourceTree = "<group>"; };
		FC38F3F4FDB732E56505BBE3 /* Pods-wordsMemo.release.xcconfig */ = {isa = PBXFileReference; includeInIndex = 1; lastKnownFileType = text.xcconfig; name = "Pods-wordsMemo.release.xcconfig"; path = "Target Support Files/Pods-wordsMemo/Pods-wordsMemo.release.xcconfig"; sourceTree = "<group>"; };
/* End PBXFileReference section */

/* Begin PBXFrameworksBuildPhase section */
		D8A8D6BD26A1D4B40005457E /* Frameworks */ = {
			isa = PBXFrameworksBuildPhase;
			buildActionMask = 2147483647;
			files = (
				9D6FBA09FB05D1638645B80D /* Pods_wordsMemo.framework in Frameworks */,
			);
			runOnlyForDeploymentPostprocessing = 0;
		};
/* End PBXFrameworksBuildPhase section */

/* Begin PBXGroup section */
		27E70EF6D8F1A73D9B352B94 /* Frameworks */ = {
			isa = PBXGroup;
			children = (
				04AC0E34A00E0B5E8E232D49 /* Pods_wordsMemo.framework */,
			);
			name = Frameworks;
			sourceTree = "<group>";
		};
		D828278E272C0B9B004036BD /* xib */ = {
			isa = PBXGroup;
			children = (
				D8A8D6E726A4115F0005457E /* WordTableViewCell.swift */,
				D84534E027197BD3004E371A /* NewsCollectionViewCell.swift */,
				D84534E127197BD3004E371A /* NewsCollectionViewCell.xib */,
			);
			path = xib;
			sourceTree = "<group>";
		};
		D8A8D6B726A1D4B40005457E = {
			isa = PBXGroup;
			children = (
				D8A8D6C226A1D4B40005457E /* wordsMemo */,
				D8A8D6C126A1D4B40005457E /* Products */,
				DCAF56FA756ABD1ABDECEB19 /* Pods */,
				27E70EF6D8F1A73D9B352B94 /* Frameworks */,
			);
			sourceTree = "<group>";
		};
		D8A8D6C126A1D4B40005457E /* Products */ = {
			isa = PBXGroup;
			children = (
				D8A8D6C026A1D4B40005457E /* wordsMemo.app */,
			);
			name = Products;
			sourceTree = "<group>";
		};
		D8A8D6C226A1D4B40005457E /* wordsMemo */ = {
			isa = PBXGroup;
			children = (
				D8A8D6C326A1D4B40005457E /* AppDelegate.swift */,
				D8A8D6C526A1D4B40005457E /* SceneDelegate.swift */,
				D8F98BF826A46E2600907544 /* Model */,
				D8A8D6E226A1DB990005457E /* Controllers */,
				D8A8D6E526A2CE570005457E /* View */,
				D8A8D6D126A1D4BE0005457E /* LaunchScreen.storyboard */,
				D8A8D6CF26A1D4BE0005457E /* Assets.xcassets */,
				D8C9C25A270EE849001344A5 /* GoogleService-Info.plist */,
				D8A8D6D426A1D4BE0005457E /* Info.plist */,
			);
			path = wordsMemo;
			sourceTree = "<group>";
		};
		D8A8D6E226A1DB990005457E /* Controllers */ = {
			isa = PBXGroup;
			children = (
				D8C9C2A2270F3CE4001344A5 /* SignupViewController.swift */,
				D8049FE4271206D800A6FEFD /* LoginViewController.swift */,
				D810154926C8130F00B56DA7 /* TabbarController.swift */,
				D8A8D6C726A1D4B40005457E /* NewViewController.swift */,
				D8F98BFD26A5918E00907544 /* RegisterViewController.swift */,
				D8A8D6DC26A1DB790005457E /* FavViewController.swift */,
				D84534E627198381004E371A /* NewsViewController.swift */,
				D8A8D6DF26A1DB920005457E /* StatisticsViewController.swift */,
				D8FDE1582715797300A73A4E /* MypageViewController.swift */,
			);
			path = Controllers;
			sourceTree = "<group>";
		};
		D8A8D6E526A2CE570005457E /* View */ = {
			isa = PBXGroup;
			children = (
				D828278E272C0B9B004036BD /* xib */,
				D8FDE15127155A7800A73A4E /* Storyboard */,
			);
			path = View;
			sourceTree = "<group>";
		};
		D8F98BF826A46E2600907544 /* Model */ = {
			isa = PBXGroup;
			children = (
				D8A8D6CC26A1D4B40005457E /* wordsMemo.xcdatamodeld */,
				D84534ED271AAB99004E371A /* NewsModel.swift */,
				D8B35117271B4B430045DAA7 /* NewsData.swift */,
				D8FDE15327155C0600A73A4E /* UserModel.swift */,
				D84534EA271AA533004E371A /* ApiManager.swift */,
				D8282790272D2E23004036BD /* Textfield.swift */,
				D822B1C9271EFBDA00A3CE98 /* NavigationOrientation.swift */,
			);
			path = Model;
			sourceTree = "<group>";
		};
		D8FDE15127155A7800A73A4E /* Storyboard */ = {
			isa = PBXGroup;
			children = (
				D8A8D6C926A1D4B40005457E /* Main.storyboard */,
				D8C9C2BF27106159001344A5 /* Signup.storyboard */,
				D8049FF12712C18500A6FEFD /* Login.storyboard */,
				D8ADB1072726748600A703F2 /* Mypage.storyboard */,
			);
			path = Storyboard;
			sourceTree = "<group>";
		};
		DCAF56FA756ABD1ABDECEB19 /* Pods */ = {
			isa = PBXGroup;
			children = (
				BA9FE6F81DE36C5F86A623AD /* Pods-wordsMemo.debug.xcconfig */,
				FC38F3F4FDB732E56505BBE3 /* Pods-wordsMemo.release.xcconfig */,
			);
			path = Pods;
			sourceTree = "<group>";
		};
/* End PBXGroup section */

/* Begin PBXNativeTarget section */
		D8A8D6BF26A1D4B40005457E /* wordsMemo */ = {
			isa = PBXNativeTarget;
			buildConfigurationList = D8A8D6D726A1D4BE0005457E /* Build configuration list for PBXNativeTarget "wordsMemo" */;
			buildPhases = (
				70EB84E15B6DAF1DBE56DA57 /* [CP] Check Pods Manifest.lock */,
				D8A8D6BC26A1D4B40005457E /* Sources */,
				D8A8D6BD26A1D4B40005457E /* Frameworks */,
				D8A8D6BE26A1D4B40005457E /* Resources */,
				24A7E90F9BF566187AFCA8B6 /* [CP] Embed Pods Frameworks */,
			);
			buildRules = (
			);
			dependencies = (
			);
			name = wordsMemo;
			productName = wordsMemo;
			productReference = D8A8D6C026A1D4B40005457E /* wordsMemo.app */;
			productType = "com.apple.product-type.application";
		};
/* End PBXNativeTarget section */

/* Begin PBXProject section */
		D8A8D6B826A1D4B40005457E /* Project object */ = {
			isa = PBXProject;
			attributes = {
				LastSwiftUpdateCheck = 1240;
				LastUpgradeCheck = 1240;
				TargetAttributes = {
					D8A8D6BF26A1D4B40005457E = {
						CreatedOnToolsVersion = 12.4;
					};
				};
			};
			buildConfigurationList = D8A8D6BB26A1D4B40005457E /* Build configuration list for PBXProject "wordsMemo" */;
			compatibilityVersion = "Xcode 9.3";
			developmentRegion = en;
			hasScannedForEncodings = 0;
			knownRegions = (
				en,
				Base,
			);
			mainGroup = D8A8D6B726A1D4B40005457E;
			productRefGroup = D8A8D6C126A1D4B40005457E /* Products */;
			projectDirPath = "";
			projectRoot = "";
			targets = (
				D8A8D6BF26A1D4B40005457E /* wordsMemo */,
			);
		};
/* End PBXProject section */

/* Begin PBXResourcesBuildPhase section */
		D8A8D6BE26A1D4B40005457E /* Resources */ = {
			isa = PBXResourcesBuildPhase;
			buildActionMask = 2147483647;
			files = (
				D84534E327197BD3004E371A /* NewsCollectionViewCell.xib in Resources */,
				D8C9C2C027106159001344A5 /* Signup.storyboard in Resources */,
				D8A8D6D326A1D4BE0005457E /* LaunchScreen.storyboard in Resources */,
				D8ADB1082726748600A703F2 /* Mypage.storyboard in Resources */,
				D8049FF22712C18500A6FEFD /* Login.storyboard in Resources */,
				D8C9C25B270EE849001344A5 /* GoogleService-Info.plist in Resources */,
				D8A8D6D026A1D4BE0005457E /* Assets.xcassets in Resources */,
				D8A8D6CB26A1D4B40005457E /* Main.storyboard in Resources */,
			);
			runOnlyForDeploymentPostprocessing = 0;
		};
/* End PBXResourcesBuildPhase section */

/* Begin PBXShellScriptBuildPhase section */
		24A7E90F9BF566187AFCA8B6 /* [CP] Embed Pods Frameworks */ = {
			isa = PBXShellScriptBuildPhase;
			buildActionMask = 2147483647;
			files = (
			);
			inputFileListPaths = (
				"${PODS_ROOT}/Target Support Files/Pods-wordsMemo/Pods-wordsMemo-frameworks-${CONFIGURATION}-input-files.xcfilelist",
			);
			name = "[CP] Embed Pods Frameworks";
			outputFileListPaths = (
				"${PODS_ROOT}/Target Support Files/Pods-wordsMemo/Pods-wordsMemo-frameworks-${CONFIGURATION}-output-files.xcfilelist",
			);
			runOnlyForDeploymentPostprocessing = 0;
			shellPath = /bin/sh;
			shellScript = "\"${PODS_ROOT}/Target Support Files/Pods-wordsMemo/Pods-wordsMemo-frameworks.sh\"\n";
			showEnvVarsInLog = 0;
		};
		70EB84E15B6DAF1DBE56DA57 /* [CP] Check Pods Manifest.lock */ = {
			isa = PBXShellScriptBuildPhase;
			buildActionMask = 2147483647;
			files = (
			);
			inputFileListPaths = (
			);
			inputPaths = (
				"${PODS_PODFILE_DIR_PATH}/Podfile.lock",
				"${PODS_ROOT}/Manifest.lock",
			);
			name = "[CP] Check Pods Manifest.lock";
			outputFileListPaths = (
			);
			outputPaths = (
				"$(DERIVED_FILE_DIR)/Pods-wordsMemo-checkManifestLockResult.txt",
			);
			runOnlyForDeploymentPostprocessing = 0;
			shellPath = /bin/sh;
			shellScript = "diff \"${PODS_PODFILE_DIR_PATH}/Podfile.lock\" \"${PODS_ROOT}/Manifest.lock\" > /dev/null\nif [ $? != 0 ] ; then\n    # print error to STDERR\n    echo \"error: The sandbox is not in sync with the Podfile.lock. Run 'pod install' or update your CocoaPods installation.\" >&2\n    exit 1\nfi\n# This output is used by Xcode 'outputs' to avoid re-running this script phase.\necho \"SUCCESS\" > \"${SCRIPT_OUTPUT_FILE_0}\"\n";
			showEnvVarsInLog = 0;
		};
/* End PBXShellScriptBuildPhase section */

/* Begin PBXSourcesBuildPhase section */
		D8A8D6BC26A1D4B40005457E /* Sources */ = {
			isa = PBXSourcesBuildPhase;
			buildActionMask = 2147483647;
			files = (
				D84534EB271AA533004E371A /* ApiManager.swift in Sources */,
				D8049FE5271206D800A6FEFD /* LoginViewController.swift in Sources */,
				D84534E227197BD3004E371A /* NewsCollectionViewCell.swift in Sources */,
				D8282791272D2E24004036BD /* Textfield.swift in Sources */,
				D8A8D6C826A1D4B40005457E /* NewViewController.swift in Sources */,
				D84534E727198381004E371A /* NewsViewController.swift in Sources */,
				D822B1CA271EFBDA00A3CE98 /* NavigationOrientation.swift in Sources */,
				D8C9C2A3270F3CE4001344A5 /* SignupViewController.swift in Sources */,
				D8FDE1592715797300A73A4E /* MypageViewController.swift in Sources */,
				D8A8D6DD26A1DB790005457E /* FavViewController.swift in Sources */,
				D8B35118271B4B430045DAA7 /* NewsData.swift in Sources */,
				D8A8D6C426A1D4B40005457E /* AppDelegate.swift in Sources */,
				D8A8D6C626A1D4B40005457E /* SceneDelegate.swift in Sources */,
				D8A8D6E826A4115F0005457E /* WordTableViewCell.swift in Sources */,
				D8A8D6E026A1DB920005457E /* StatisticsViewController.swift in Sources */,
				D8A8D6CE26A1D4B40005457E /* wordsMemo.xcdatamodeld in Sources */,
				D84534EE271AAB99004E371A /* NewsModel.swift in Sources */,
				D810154A26C8130F00B56DA7 /* TabbarController.swift in Sources */,
				D8FDE15427155C0600A73A4E /* UserModel.swift in Sources */,
				D8F98BFE26A5918E00907544 /* RegisterViewController.swift in Sources */,
			);
			runOnlyForDeploymentPostprocessing = 0;
		};
/* End PBXSourcesBuildPhase section */

/* Begin PBXVariantGroup section */
		D8A8D6C926A1D4B40005457E /* Main.storyboard */ = {
			isa = PBXVariantGroup;
			children = (
				D8A8D6CA26A1D4B40005457E /* Base */,
			);
			name = Main.storyboard;
			sourceTree = "<group>";
		};
		D8A8D6D126A1D4BE0005457E /* LaunchScreen.storyboard */ = {
			isa = PBXVariantGroup;
			children = (
				D8A8D6D226A1D4BE0005457E /* Base */,
			);
			name = LaunchScreen.storyboard;
			sourceTree = "<group>";
		};
/* End PBXVariantGroup section */

/* Begin XCBuildConfiguration section */
		D8A8D6D526A1D4BE0005457E /* Debug */ = {
			isa = XCBuildConfiguration;
			buildSettings = {
				ALWAYS_SEARCH_USER_PATHS = NO;
				CLANG_ANALYZER_NONNULL = YES;
				CLANG_ANALYZER_NUMBER_OBJECT_CONVERSION = YES_AGGRESSIVE;
				CLANG_CXX_LANGUAGE_STANDARD = "gnu++14";
				CLANG_CXX_LIBRARY = "libc++";
				CLANG_ENABLE_MODULES = YES;
				CLANG_ENABLE_OBJC_ARC = YES;
				CLANG_ENABLE_OBJC_WEAK = YES;
				CLANG_WARN_BLOCK_CAPTURE_AUTORELEASING = YES;
				CLANG_WARN_BOOL_CONVERSION = YES;
				CLANG_WARN_COMMA = YES;
				CLANG_WARN_CONSTANT_CONVERSION = YES;
				CLANG_WARN_DEPRECATED_OBJC_IMPLEMENTATIONS = YES;
				CLANG_WARN_DIRECT_OBJC_ISA_USAGE = YES_ERROR;
				CLANG_WARN_DOCUMENTATION_COMMENTS = YES;
				CLANG_WARN_EMPTY_BODY = YES;
				CLANG_WARN_ENUM_CONVERSION = YES;
				CLANG_WARN_INFINITE_RECURSION = YES;
				CLANG_WARN_INT_CONVERSION = YES;
				CLANG_WARN_NON_LITERAL_NULL_CONVERSION = YES;
				CLANG_WARN_OBJC_IMPLICIT_RETAIN_SELF = YES;
				CLANG_WARN_OBJC_LITERAL_CONVERSION = YES;
				CLANG_WARN_OBJC_ROOT_CLASS = YES_ERROR;
				CLANG_WARN_QUOTED_INCLUDE_IN_FRAMEWORK_HEADER = YES;
				CLANG_WARN_RANGE_LOOP_ANALYSIS = YES;
				CLANG_WARN_STRICT_PROTOTYPES = YES;
				CLANG_WARN_SUSPICIOUS_MOVE = YES;
				CLANG_WARN_UNGUARDED_AVAILABILITY = YES_AGGRESSIVE;
				CLANG_WARN_UNREACHABLE_CODE = YES;
				CLANG_WARN__DUPLICATE_METHOD_MATCH = YES;
				CODE_SIGN_IDENTITY = "Apple Development";
				COPY_PHASE_STRIP = NO;
				DEBUG_INFORMATION_FORMAT = dwarf;
				ENABLE_STRICT_OBJC_MSGSEND = YES;
				ENABLE_TESTABILITY = YES;
				GCC_C_LANGUAGE_STANDARD = gnu11;
				GCC_DYNAMIC_NO_PIC = NO;
				GCC_NO_COMMON_BLOCKS = YES;
				GCC_OPTIMIZATION_LEVEL = 0;
				GCC_PREPROCESSOR_DEFINITIONS = (
					"DEBUG=1",
					"$(inherited)",
				);
				GCC_WARN_64_TO_32_BIT_CONVERSION = YES;
				GCC_WARN_ABOUT_RETURN_TYPE = YES_ERROR;
				GCC_WARN_UNDECLARED_SELECTOR = YES;
				GCC_WARN_UNINITIALIZED_AUTOS = YES_AGGRESSIVE;
				GCC_WARN_UNUSED_FUNCTION = YES;
				GCC_WARN_UNUSED_VARIABLE = YES;
				IPHONEOS_DEPLOYMENT_TARGET = 14.4;
				MTL_ENABLE_DEBUG_INFO = INCLUDE_SOURCE;
				MTL_FAST_MATH = YES;
				ONLY_ACTIVE_ARCH = YES;
				SDKROOT = iphoneos;
				SWIFT_ACTIVE_COMPILATION_CONDITIONS = DEBUG;
				SWIFT_OPTIMIZATION_LEVEL = "-Onone";
			};
			name = Debug;
		};
		D8A8D6D626A1D4BE0005457E /* Release */ = {
			isa = XCBuildConfiguration;
			buildSettings = {
				ALWAYS_SEARCH_USER_PATHS = NO;
				CLANG_ANALYZER_NONNULL = YES;
				CLANG_ANALYZER_NUMBER_OBJECT_CONVERSION = YES_AGGRESSIVE;
				CLANG_CXX_LANGUAGE_STANDARD = "gnu++14";
				CLANG_CXX_LIBRARY = "libc++";
				CLANG_ENABLE_MODULES = YES;
				CLANG_ENABLE_OBJC_ARC = YES;
				CLANG_ENABLE_OBJC_WEAK = YES;
				CLANG_WARN_BLOCK_CAPTURE_AUTORELEASING = YES;
				CLANG_WARN_BOOL_CONVERSION = YES;
				CLANG_WARN_COMMA = YES;
				CLANG_WARN_CONSTANT_CONVERSION = YES;
				CLANG_WARN_DEPRECATED_OBJC_IMPLEMENTATIONS = YES;
				CLANG_WARN_DIRECT_OBJC_ISA_USAGE = YES_ERROR;
				CLANG_WARN_DOCUMENTATION_COMMENTS = YES;
				CLANG_WARN_EMPTY_BODY = YES;
				CLANG_WARN_ENUM_CONVERSION = YES;
				CLANG_WARN_INFINITE_RECURSION = YES;
				CLANG_WARN_INT_CONVERSION = YES;
				CLANG_WARN_NON_LITERAL_NULL_CONVERSION = YES;
				CLANG_WARN_OBJC_IMPLICIT_RETAIN_SELF = YES;
				CLANG_WARN_OBJC_LITERAL_CONVERSION = YES;
				CLANG_WARN_OBJC_ROOT_CLASS = YES_ERROR;
				CLANG_WARN_QUOTED_INCLUDE_IN_FRAMEWORK_HEADER = YES;
				CLANG_WARN_RANGE_LOOP_ANALYSIS = YES;
				CLANG_WARN_STRICT_PROTOTYPES = YES;
				CLANG_WARN_SUSPICIOUS_MOVE = YES;
				CLANG_WARN_UNGUARDED_AVAILABILITY = YES_AGGRESSIVE;
				CLANG_WARN_UNREACHABLE_CODE = YES;
				CLANG_WARN__DUPLICATE_METHOD_MATCH = YES;
				CODE_SIGN_IDENTITY = "Apple Development";
				COPY_PHASE_STRIP = NO;
				DEBUG_INFORMATION_FORMAT = "dwarf-with-dsym";
				ENABLE_NS_ASSERTIONS = NO;
				ENABLE_STRICT_OBJC_MSGSEND = YES;
				GCC_C_LANGUAGE_STANDARD = gnu11;
				GCC_NO_COMMON_BLOCKS = YES;
				GCC_WARN_64_TO_32_BIT_CONVERSION = YES;
				GCC_WARN_ABOUT_RETURN_TYPE = YES_ERROR;
				GCC_WARN_UNDECLARED_SELECTOR = YES;
				GCC_WARN_UNINITIALIZED_AUTOS = YES_AGGRESSIVE;
				GCC_WARN_UNUSED_FUNCTION = YES;
				GCC_WARN_UNUSED_VARIABLE = YES;
				IPHONEOS_DEPLOYMENT_TARGET = 14.4;
				MTL_ENABLE_DEBUG_INFO = NO;
				MTL_FAST_MATH = YES;
				SDKROOT = iphoneos;
				SWIFT_COMPILATION_MODE = wholemodule;
				SWIFT_OPTIMIZATION_LEVEL = "-O";
				VALIDATE_PRODUCT = YES;
			};
			name = Release;
		};
		D8A8D6D826A1D4BE0005457E /* Debug */ = {
			isa = XCBuildConfiguration;
			baseConfigurationReference = BA9FE6F81DE36C5F86A623AD /* Pods-wordsMemo.debug.xcconfig */;
			buildSettings = {
				ASSETCATALOG_COMPILER_APPICON_NAME = AppIcon;
				ASSETCATALOG_COMPILER_GLOBAL_ACCENT_COLOR_NAME = AccentColor;
				CODE_SIGN_IDENTITY = "Apple Development";
				CODE_SIGN_STYLE = Automatic;
				CURRENT_PROJECT_VERSION = 1.0.4;
				DEVELOPMENT_TEAM = 7AAG7H24T5;
				INFOPLIST_FILE = wordsMemo/Info.plist;
				IPHONEOS_DEPLOYMENT_TARGET = 13.0;
				LD_RUNPATH_SEARCH_PATHS = (
					"$(inherited)",
					"@executable_path/Frameworks",
				);
				MARKETING_VERSION = 1.0.3;
				PRODUCT_BUNDLE_IDENTIFIER = "com.gmail-mode.sh0k0.c.wordsMemo";
				PRODUCT_NAME = "$(TARGET_NAME)";
				SWIFT_VERSION = 5.0;
				TARGETED_DEVICE_FAMILY = 1;
			};
			name = Debug;
		};
		D8A8D6D926A1D4BE0005457E /* Release */ = {
			isa = XCBuildConfiguration;
			baseConfigurationReference = FC38F3F4FDB732E56505BBE3 /* Pods-wordsMemo.release.xcconfig */;
			buildSettings = {
				ASSETCATALOG_COMPILER_APPICON_NAME = AppIcon;
				ASSETCATALOG_COMPILER_GLOBAL_ACCENT_COLOR_NAME = AccentColor;
				CODE_SIGN_IDENTITY = "Apple Development";
				CODE_SIGN_STYLE = Automatic;
				CURRENT_PROJECT_VERSION = 1.0.4;
				DEVELOPMENT_TEAM = 7AAG7H24T5;
				INFOPLIST_FILE = wordsMemo/Info.plist;
				IPHONEOS_DEPLOYMENT_TARGET = 13.0;
				LD_RUNPATH_SEARCH_PATHS = (
					"$(inherited)",
					"@executable_path/Frameworks",
				);
				MARKETING_VERSION = 1.0.3;
				PRODUCT_BUNDLE_IDENTIFIER = "com.gmail-mode.sh0k0.c.wordsMemo";
				PRODUCT_NAME = "$(TARGET_NAME)";
				SWIFT_VERSION = 5.0;
				TARGETED_DEVICE_FAMILY = 1;
			};
			name = Release;
		};
/* End XCBuildConfiguration section */

/* Begin XCConfigurationList section */
		D8A8D6BB26A1D4B40005457E /* Build configuration list for PBXProject "wordsMemo" */ = {
			isa = XCConfigurationList;
			buildConfigurations = (
				D8A8D6D526A1D4BE0005457E /* Debug */,
				D8A8D6D626A1D4BE0005457E /* Release */,
			);
			defaultConfigurationIsVisible = 0;
			defaultConfigurationName = Release;
		};
		D8A8D6D726A1D4BE0005457E /* Build configuration list for PBXNativeTarget "wordsMemo" */ = {
			isa = XCConfigurationList;
			buildConfigurations = (
				D8A8D6D826A1D4BE0005457E /* Debug */,
				D8A8D6D926A1D4BE0005457E /* Release */,
			);
			defaultConfigurationIsVisible = 0;
			defaultConfigurationName = Release;
		};
/* End XCConfigurationList section */

/* Begin XCVersionGroup section */
		D8A8D6CC26A1D4B40005457E /* wordsMemo.xcdatamodeld */ = {
			isa = XCVersionGroup;
			children = (
				D8A8D6CD26A1D4B40005457E /* wordsMemo.xcdatamodel */,
			);
			currentVersion = D8A8D6CD26A1D4B40005457E /* wordsMemo.xcdatamodel */;
			path = wordsMemo.xcdatamodeld;
			sourceTree = "<group>";
			versionGroupType = wrapper.xcdatamodel;
		};
/* End XCVersionGroup section */
	};
	rootObject = D8A8D6B826A1D4B40005457E /* Project object */;
}
